<?xml version="1.0" encoding="utf-8"?>
<Project ToolsVersion="4.0" xmlns="http://schemas.microsoft.com/developer/msbuild/2003">
  <ItemGroup>
    <Filter Include="Source Files">
      <UniqueIdentifier>{4FC737F1-C7A5-4376-A066-2A32D752A2FF}</UniqueIdentifier>
      <Extensions>cpp;c;cc;cxx;def;odl;idl;hpj;bat;asm;asmx</Extensions>
    </Filter>
    <Filter Include="Header Files">
      <UniqueIdentifier>{93995380-89BD-4b04-88EB-625FBE52EBFB}</UniqueIdentifier>
      <Extensions>h;hh;hpp;hxx;hm;inl;inc;ipp;xsd</Extensions>
    </Filter>
    <Filter Include="Resource Files">
      <UniqueIdentifier>{67DA6AB6-F800-4c08-8B7A-83BB121AAD01}</UniqueIdentifier>
      <Extensions>rc;ico;cur;bmp;dlg;rc2;rct;bin;rgs;gif;jpg;jpeg;jpe;resx;tiff;tif;png;wav;mfcribbon-ms</Extensions>
    </Filter>
    <Filter Include="Header Files\Map">
      <UniqueIdentifier>{dda18fb2-12a6-4af9-8a78-b739dc597cde}</UniqueIdentifier>
    </Filter>
    <Filter Include="Source Files\Map">
      <UniqueIdentifier>{047ad63b-1ceb-4519-9cac-5d878f7c3012}</UniqueIdentifier>
    </Filter>
    <Filter Include="Header Files\Tanks">
      <UniqueIdentifier>{d03556bc-e2c7-4206-b619-4bee5efdc88f}</UniqueIdentifier>
    </Filter>
    <Filter Include="Source Files\Tanks">
      <UniqueIdentifier>{24905a31-b11f-40b0-bd3c-71346a061d79}</UniqueIdentifier>
    </Filter>
    <Filter Include="Header Files\Projectiles">
      <UniqueIdentifier>{f9bd294b-60eb-4afb-bbc8-892837dd51ad}</UniqueIdentifier>
    </Filter>
    <Filter Include="Source Files\Projectiles">
      <UniqueIdentifier>{cff58958-1f24-414c-803d-67e9a6902486}</UniqueIdentifier>
    </Filter>
    <Filter Include="Header Files\Utils">
      <UniqueIdentifier>{3464b216-c800-4983-921b-9c6ffc118bb5}</UniqueIdentifier>
    </Filter>
    <Filter Include="Source Files\Utils">
      <UniqueIdentifier>{d32ec322-e824-468a-aa2c-17c422eda655}</UniqueIdentifier>
    </Filter>
    <Filter Include="Header Files\VisualEffects">
      <UniqueIdentifier>{9286cb9b-f849-4858-a55a-9ab63b29f3d0}</UniqueIdentifier>
    </Filter>
    <Filter Include="Source Files\VisualEffects">
      <UniqueIdentifier>{eda04fd9-be42-455d-a339-7a7839b3d569}</UniqueIdentifier>
    </Filter>
    <Filter Include="Third Party">
      <UniqueIdentifier>{afc72fef-a860-4fef-af7d-89a7a31dcb2e}</UniqueIdentifier>
    </Filter>
  </ItemGroup>
  <ItemGroup>
    <ClCompile Include="main.cpp">
      <Filter>Source Files</Filter>
    </ClCompile>
    <ClCompile Include="src\Tanks\BrownTank.cpp">
      <Filter>Source Files\Tanks</Filter>
    </ClCompile>
    <ClCompile Include="src\Tanks\EnemyHandler.cpp">
      <Filter>Source Files\Tanks</Filter>
    </ClCompile>
    <ClCompile Include="src\Tanks\GreenTank.cpp">
      <Filter>Source Files\Tanks</Filter>
    </ClCompile>
    <ClCompile Include="src\Tanks\GreyTank.cpp">
      <Filter>Source Files\Tanks</Filter>
    </ClCompile>
    <ClCompile Include="src\Tanks\Player.cpp">
      <Filter>Source Files\Tanks</Filter>
    </ClCompile>
    <ClCompile Include="src\Tanks\UnitTank.cpp">
      <Filter>Source Files\Tanks</Filter>
    </ClCompile>
    <ClCompile Include="src\Map\Barrier.cpp">
      <Filter>Source Files\Map</Filter>
    </ClCompile>
    <ClCompile Include="src\Map\Map.cpp">
      <Filter>Source Files\Map</Filter>
    </ClCompile>
    <ClCompile Include="src\Map\Wall.cpp">
      <Filter>Source Files\Map</Filter>
    </ClCompile>
    <ClCompile Include="src\Utils\Framerate.cpp">
      <Filter>Source Files\Utils</Filter>
    </ClCompile>
    <ClCompile Include="src\Utils\GeometryUtils.cpp">
      <Filter>Source Files\Utils</Filter>
    </ClCompile>
    <ClCompile Include="src\Projectiles\Bullet.cpp">
      <Filter>Source Files\Projectiles</Filter>
    </ClCompile>
    <ClCompile Include="src\Projectiles\Missile.cpp">
      <Filter>Source Files\Projectiles</Filter>
    </ClCompile>
    <ClCompile Include="src\Projectiles\Projectile.cpp">
      <Filter>Source Files\Projectiles</Filter>
    </ClCompile>
    <ClCompile Include="src\Projectiles\ProjectileHandler.cpp">
      <Filter>Source Files\Projectiles</Filter>
    </ClCompile>
    <ClCompile Include="src\VisualEffects\Effect.cpp">
      <Filter>Source Files\VisualEffects</Filter>
    </ClCompile>
    <ClCompile Include="src\VisualEffects\Track.cpp">
      <Filter>Source Files\VisualEffects</Filter>
    </ClCompile>
    <ClCompile Include="src\VisualEffects\VisualEffectsHandler.cpp">
      <Filter>Source Files\VisualEffects</Filter>
    </ClCompile>
    <ClCompile Include="src\VisualEffects\Smoke.cpp">
      <Filter>Source Files\VisualEffects</Filter>
    </ClCompile>
    <ClCompile Include="third-party-src\Collision.cpp">
      <Filter>Third Party</Filter>
    </ClCompile>
  </ItemGroup>
  <ItemGroup>
    <ClInclude Include="src\Tanks\BrownTank.h">
      <Filter>Header Files\Tanks</Filter>
    </ClInclude>
    <ClInclude Include="src\Tanks\EnemyHandler.h">
      <Filter>Header Files\Tanks</Filter>
    </ClInclude>
    <ClInclude Include="src\Tanks\GreenTank.h">
      <Filter>Header Files\Tanks</Filter>
    </ClInclude>
    <ClInclude Include="src\Tanks\GreyTank.h">
      <Filter>Header Files\Tanks</Filter>
    </ClInclude>
    <ClInclude Include="src\Tanks\Player.h">
      <Filter>Header Files\Tanks</Filter>
    </ClInclude>
    <ClInclude Include="src\Tanks\UnitTank.h">
      <Filter>Header Files\Tanks</Filter>
    </ClInclude>
    <ClInclude Include="src\Map\Barrier.h">
      <Filter>Header Files\Map</Filter>
    </ClInclude>
    <ClInclude Include="src\Map\Map.h">
      <Filter>Header Files\Map</Filter>
    </ClInclude>
    <ClInclude Include="src\Map\Wall.h">
      <Filter>Header Files\Map</Filter>
    </ClInclude>
    <ClInclude Include="src\Utils\Framerate.h">
      <Filter>Header Files\Utils</Filter>
    </ClInclude>
    <ClInclude Include="src\Utils\GeometryUtils.h">
      <Filter>Header Files\Utils</Filter>
    </ClInclude>
    <ClInclude Include="src\Projectiles\Bullet.h">
      <Filter>Header Files\Projectiles</Filter>
    </ClInclude>
    <ClInclude Include="src\Projectiles\Missile.h">
      <Filter>Header Files\Projectiles</Filter>
    </ClInclude>
    <ClInclude Include="src\Projectiles\Projectile.h">
      <Filter>Header Files\Projectiles</Filter>
    </ClInclude>
    <ClInclude Include="src\Projectiles\ProjectileHandler.h">
      <Filter>Header Files\Projectiles</Filter>
    </ClInclude>
    <ClInclude Include="src\VisualEffects\Effect.h">
      <Filter>Header Files\VisualEffects</Filter>
    </ClInclude>
    <ClInclude Include="src\VisualEffects\Track.h">
      <Filter>Header Files\VisualEffects</Filter>
    </ClInclude>
    <ClInclude Include="src\VisualEffects\VisualEffectsHandler.h">
      <Filter>Header Files\VisualEffects</Filter>
    </ClInclude>
    <ClInclude Include="src\VisualEffects\Smoke.h">
      <Filter>Header Files\VisualEffects</Filter>
    </ClInclude>
    <ClInclude Include="third-party-src\Collision.h">
      <Filter>Third Party</Filter>
    </ClInclude>
  </ItemGroup>
</Project>